// !$*UTF8*$!
{
	archiveVersion = 1;
	classes = {
	};
	objectVersion = 46;
	objects = {

/* Begin PBXBuildFile section */
		BC58E1D61D5241BC00337F48 /* AppDelegate.swift in Sources */ = {isa = PBXBuildFile; fileRef = BC58E1D51D5241BC00337F48 /* AppDelegate.swift */; };
		BC58E1DB1D5241BC00337F48 /* Main.storyboard in Resources */ = {isa = PBXBuildFile; fileRef = BC58E1D91D5241BC00337F48 /* Main.storyboard */; };
		BC58E1DD1D5241BC00337F48 /* Assets.xcassets in Resources */ = {isa = PBXBuildFile; fileRef = BC58E1DC1D5241BC00337F48 /* Assets.xcassets */; };
		BC58E1E01D5241BC00337F48 /* LaunchScreen.storyboard in Resources */ = {isa = PBXBuildFile; fileRef = BC58E1DE1D5241BC00337F48 /* LaunchScreen.storyboard */; };
		BC58E1E91D5241DC00337F48 /* CloudKit.framework in Frameworks */ = {isa = PBXBuildFile; fileRef = BC58E1E81D5241DB00337F48 /* CloudKit.framework */; };
		BC58E1F11D52441000337F48 /* MessageListViewController.swift in Sources */ = {isa = PBXBuildFile; fileRef = BC58E1F01D52441000337F48 /* MessageListViewController.swift */; };
		BC58E1F31D52473600337F48 /* Message.swift in Sources */ = {isa = PBXBuildFile; fileRef = BC58E1F21D52473600337F48 /* Message.swift */; };
		BC58E1F51D52477200337F48 /* Message+CloudKit.swift in Sources */ = {isa = PBXBuildFile; fileRef = BC58E1F41D52477200337F48 /* Message+CloudKit.swift */; };
		BC58E1F71D524A9300337F48 /* CloudKitManager.swift in Sources */ = {isa = PBXBuildFile; fileRef = BC58E1F61D524A9300337F48 /* CloudKitManager.swift */; };
		BC58E1F91D52826700337F48 /* MessageController.swift in Sources */ = {isa = PBXBuildFile; fileRef = BC58E1F81D52826700337F48 /* MessageController.swift */; };
/* End PBXBuildFile section */

/* Begin PBXFileReference section */
		BC58E1D21D5241BC00337F48 /* BulletinBoard_Part1_Breakdown.app */ = {isa = PBXFileReference; explicitFileType = wrapper.application; includeInIndex = 0; path = BulletinBoard_Part1_Breakdown.app; sourceTree = BUILT_PRODUCTS_DIR; };
		BC58E1D51D5241BC00337F48 /* AppDelegate.swift */ = {isa = PBXFileReference; lastKnownFileType = sourcecode.swift; path = AppDelegate.swift; sourceTree = "<group>"; };
		BC58E1DA1D5241BC00337F48 /* Base */ = {isa = PBXFileReference; lastKnownFileType = file.storyboard; name = Base; path = Base.lproj/Main.storyboard; sourceTree = "<group>"; };
		BC58E1DC1D5241BC00337F48 /* Assets.xcassets */ = {isa = PBXFileReference; lastKnownFileType = folder.assetcatalog; path = Assets.xcassets; sourceTree = "<group>"; };
		BC58E1DF1D5241BC00337F48 /* Base */ = {isa = PBXFileReference; lastKnownFileType = file.storyboard; name = Base; path = Base.lproj/LaunchScreen.storyboard; sourceTree = "<group>"; };
		BC58E1E11D5241BC00337F48 /* Info.plist */ = {isa = PBXFileReference; lastKnownFileType = text.plist.xml; path = Info.plist; sourceTree = "<group>"; };
		BC58E1E71D5241D700337F48 /* BulletinBoard_Part1_Breakdown.entitlements */ = {isa = PBXFileReference; lastKnownFileType = text.xml; path = BulletinBoard_Part1_Breakdown.entitlements; sourceTree = "<group>"; };
		BC58E1E81D5241DB00337F48 /* CloudKit.framework */ = {isa = PBXFileReference; lastKnownFileType = wrapper.framework; name = CloudKit.framework; path = System/Library/Frameworks/CloudKit.framework; sourceTree = SDKROOT; };
		BC58E1F01D52441000337F48 /* MessageListViewController.swift */ = {isa = PBXFileReference; fileEncoding = 4; lastKnownFileType = sourcecode.swift; path = MessageListViewController.swift; sourceTree = "<group>"; };
		BC58E1F21D52473600337F48 /* Message.swift */ = {isa = PBXFileReference; fileEncoding = 4; lastKnownFileType = sourcecode.swift; path = Message.swift; sourceTree = "<group>"; };
		BC58E1F41D52477200337F48 /* Message+CloudKit.swift */ = {isa = PBXFileReference; fileEncoding = 4; lastKnownFileType = sourcecode.swift; path = "Message+CloudKit.swift"; sourceTree = "<group>"; };
		BC58E1F61D524A9300337F48 /* CloudKitManager.swift */ = {isa = PBXFileReference; fileEncoding = 4; lastKnownFileType = sourcecode.swift; path = CloudKitManager.swift; sourceTree = "<group>"; };
		BC58E1F81D52826700337F48 /* MessageController.swift */ = {isa = PBXFileReference; fileEncoding = 4; lastKnownFileType = sourcecode.swift; path = MessageController.swift; sourceTree = "<group>"; };
/* End PBXFileReference section */

/* Begin PBXFrameworksBuildPhase section */
		BC58E1CF1D5241BC00337F48 /* Frameworks */ = {
			isa = PBXFrameworksBuildPhase;
			buildActionMask = 2147483647;
			files = (
				BC58E1E91D5241DC00337F48 /* CloudKit.framework in Frameworks */,
			);
			runOnlyForDeploymentPostprocessing = 0;
		};
/* End PBXFrameworksBuildPhase section */

/* Begin PBXGroup section */
		BC58E1C91D5241BC00337F48 = {
			isa = PBXGroup;
			children = (
				BC58E1D41D5241BC00337F48 /* BulletinBoard_Part1_Breakdown */,
				BC58E1D31D5241BC00337F48 /* Products */,
			);
			sourceTree = "<group>";
		};
		BC58E1D31D5241BC00337F48 /* Products */ = {
			isa = PBXGroup;
			children = (
				BC58E1D21D5241BC00337F48 /* BulletinBoard_Part1_Breakdown.app */,
			);
			name = Products;
			sourceTree = "<group>";
		};
		BC58E1D41D5241BC00337F48 /* BulletinBoard_Part1_Breakdown */ = {
			isa = PBXGroup;
			children = (
				BC58E1ED1D5241F800337F48 /* Utilities */,
				BC58E1EC1D5241F000337F48 /* Model */,
				BC58E1EB1D5241EB00337F48 /* View */,
				BC58E1EA1D5241E500337F48 /* Controller */,
				BC58E1D91D5241BC00337F48 /* Main.storyboard */,
				BC58E1DC1D5241BC00337F48 /* Assets.xcassets */,
				BC58E1DE1D5241BC00337F48 /* LaunchScreen.storyboard */,
				BC58E1E11D5241BC00337F48 /* Info.plist */,
			);
			path = BulletinBoard_Part1_Breakdown;
			sourceTree = "<group>";
		};
		BC58E1EA1D5241E500337F48 /* Controller */ = {
			isa = PBXGroup;
			children = (
				BC58E1F61D524A9300337F48 /* CloudKitManager.swift */,
				BC58E1F81D52826700337F48 /* MessageController.swift */,
			);
			name = Controller;
			sourceTree = "<group>";
		};
		BC58E1EB1D5241EB00337F48 /* View */ = {
			isa = PBXGroup;
			children = (
				BC58E1F01D52441000337F48 /* MessageListViewController.swift */,
			);
			name = View;
			sourceTree = "<group>";
		};
		BC58E1EC1D5241F000337F48 /* Model */ = {
			isa = PBXGroup;
			children = (
				BC58E1F21D52473600337F48 /* Message.swift */,
				BC58E1F41D52477200337F48 /* Message+CloudKit.swift */,
			);
			name = Model;
			sourceTree = "<group>";
		};
		BC58E1ED1D5241F800337F48 /* Utilities */ = {
			isa = PBXGroup;
			children = (
				BC58E1E71D5241D700337F48 /* BulletinBoard_Part1_Breakdown.entitlements */,
				BC58E1E81D5241DB00337F48 /* CloudKit.framework */,
				BC58E1D51D5241BC00337F48 /* AppDelegate.swift */,
			);
			name = Utilities;
			sourceTree = "<group>";
		};
/* End PBXGroup section */

/* Begin PBXNativeTarget section */
		BC58E1D11D5241BC00337F48 /* BulletinBoard_Part1_Breakdown */ = {
			isa = PBXNativeTarget;
			buildConfigurationList = BC58E1E41D5241BC00337F48 /* Build configuration list for PBXNativeTarget "BulletinBoard_Part1_Breakdown" */;
			buildPhases = (
				BC58E1CE1D5241BC00337F48 /* Sources */,
				BC58E1CF1D5241BC00337F48 /* Frameworks */,
				BC58E1D01D5241BC00337F48 /* Resources */,
			);
			buildRules = (
			);
			dependencies = (
			);
			name = BulletinBoard_Part1_Breakdown;
			productName = BulletinBoard_Part1_Breakdown;
			productReference = BC58E1D21D5241BC00337F48 /* BulletinBoard_Part1_Breakdown.app */;
			productType = "com.apple.product-type.application";
		};
/* End PBXNativeTarget section */

/* Begin PBXProject section */
		BC58E1CA1D5241BC00337F48 /* Project object */ = {
			isa = PBXProject;
			attributes = {
				LastSwiftUpdateCheck = 0730;
				LastUpgradeCheck = 0730;
				ORGANIZATIONNAME = home;
				TargetAttributes = {
					BC58E1D11D5241BC00337F48 = {
						CreatedOnToolsVersion = 7.3.1;
						DevelopmentTeam = HQN23BS377;
						SystemCapabilities = {
							com.apple.iCloud = {
								enabled = 1;
							};
						};
					};
				};
			};
			buildConfigurationList = BC58E1CD1D5241BC00337F48 /* Build configuration list for PBXProject "BulletinBoard_Part1_Breakdown" */;
			compatibilityVersion = "Xcode 3.2";
			developmentRegion = English;
			hasScannedForEncodings = 0;
			knownRegions = (
				en,
				Base,
			);
			mainGroup = BC58E1C91D5241BC00337F48;
			productRefGroup = BC58E1D31D5241BC00337F48 /* Products */;
			projectDirPath = "";
			projectRoot = "";
			targets = (
				BC58E1D11D5241BC00337F48 /* BulletinBoard_Part1_Breakdown */,
			);
		};
/* End PBXProject section */

/* Begin PBXResourcesBuildPhase section */
		BC58E1D01D5241BC00337F48 /* Resources */ = {
			isa = PBXResourcesBuildPhase;
			buildActionMask = 2147483647;
			files = (
				BC58E1E01D5241BC00337F48 /* LaunchScreen.storyboard in Resources */,
				BC58E1DD1D5241BC00337F48 /* Assets.xcassets in Resources */,
				BC58E1DB1D5241BC00337F48 /* Main.storyboard in Resources */,
			);
			runOnlyForDeploymentPostprocessing = 0;
		};
/* End PBXResourcesBuildPhase section */

/* Begin PBXSourcesBuildPhase section */
		BC58E1CE1D5241BC00337F48 /* Sources */ = {
			isa = PBXSourcesBuildPhase;
			buildActionMask = 2147483647;
			files = (
				BC58E1F51D52477200337F48 /* Message+CloudKit.swift in Sources */,
				BC58E1F91D52826700337F48 /* MessageController.swift in Sources */,
				BC58E1F31D52473600337F48 /* Message.swift in Sources */,
				BC58E1F11D52441000337F48 /* MessageListViewController.swift in Sources */,
				BC58E1D61D5241BC00337F48 /* AppDelegate.swift in Sources */,
				BC58E1F71D524A9300337F48 /* CloudKitManager.swift in Sources */,
			);
			runOnlyForDeploymentPostprocessing = 0;
		};
/* End PBXSourcesBuildPhase section */

/* Begin PBXVariantGroup section */
		BC58E1D91D5241BC00337F48 /* Main.storyboard */ = {
			isa = PBXVariantGroup;
			children = (
				BC58E1DA1D5241BC00337F48 /* Base */,
			);
			name = Main.storyboard;
			sourceTree = "<group>";
		};
		BC58E1DE1D5241BC00337F48 /* LaunchScreen.storyboard */ = {
			isa = PBXVariantGroup;
			children = (
				BC58E1DF1D5241BC00337F48 /* Base */,
			);
			name = LaunchScreen.storyboard;
			sourceTree = "<group>";
		};
/* End PBXVariantGroup section */

/* Begin XCBuildConfiguration section */
		BC58E1E21D5241BC00337F48 /* Debug */ = {
			isa = XCBuildConfiguration;
			buildSettings = {
				ALWAYS_SEARCH_USER_PATHS = NO;
				CLANG_ANALYZER_NONNULL = YES;
				CLANG_CXX_LANGUAGE_STANDARD = "gnu++0x";
				CLANG_CXX_LIBRARY = "libc++";
				CLANG_ENABLE_MODULES = YES;
				CLANG_ENABLE_OBJC_ARC = YES;
				CLANG_WARN_BOOL_CONVERSION = YES;
				CLANG_WARN_CONSTANT_CONVERSION = YES;
				CLANG_WARN_DIRECT_OBJC_ISA_USAGE = YES_ERROR;
				CLANG_WARN_EMPTY_BODY = YES;
				CLANG_WARN_ENUM_CONVERSION = YES;
				CLANG_WARN_INT_CONVERSION = YES;
				CLANG_WARN_OBJC_ROOT_CLASS = YES_ERROR;
				CLANG_WARN_UNREACHABLE_CODE = YES;
				CLANG_WARN__DUPLICATE_METHOD_MATCH = YES;
				"CODE_SIGN_IDENTITY[sdk=iphoneos*]" = "iPhone Developer";
				COPY_PHASE_STRIP = NO;
				DEBUG_INFORMATION_FORMAT = dwarf;
				ENABLE_STRICT_OBJC_MSGSEND = YES;
				ENABLE_TESTABILITY = YES;
				GCC_C_LANGUAGE_STANDARD = gnu99;
				GCC_DYNAMIC_NO_PIC = NO;
				GCC_NO_COMMON_BLOCKS = YES;
				GCC_OPTIMIZATION_LEVEL = 0;
				GCC_PREPROCESSOR_DEFINITIONS = (
					"DEBUG=1",
					"$(inherited)",
				);
				GCC_WARN_64_TO_32_BIT_CONVERSION = YES;
				GCC_WARN_ABOUT_RETURN_TYPE = YES_ERROR;
				GCC_WARN_UNDECLARED_SELECTOR = YES;
				GCC_WARN_UNINITIALIZED_AUTOS = YES_AGGRESSIVE;
				GCC_WARN_UNUSED_FUNCTION = YES;
				GCC_WARN_UNUSED_VARIABLE = YES;
				IPHONEOS_DEPLOYMENT_TARGET = 9.3;
				MTL_ENABLE_DEBUG_INFO = YES;
				ONLY_ACTIVE_ARCH = YES;
				SDKROOT = iphoneos;
				SWIFT_OPTIMIZATION_LEVEL = "-Onone";
			};
			name = Debug;
		};
		BC58E1E31D5241BC00337F48 /* Release */ = {
			isa = XCBuildConfiguration;
			buildSettings = {
				ALWAYS_SEARCH_USER_PATHS = NO;
				CLANG_ANALYZER_NONNULL = YES;
				CLANG_CXX_LANGUAGE_STANDARD = "gnu++0x";
				CLANG_CXX_LIBRARY = "libc++";
				CLANG_ENABLE_MODULES = YES;
				CLANG_ENABLE_OBJC_ARC = YES;
				CLANG_WARN_BOOL_CONVERSION = YES;
				CLANG_WARN_CONSTANT_CONVERSION = YES;
				CLANG_WARN_DIRECT_OBJC_ISA_USAGE = YES_ERROR;
				CLANG_WARN_EMPTY_BODY = YES;
				CLANG_WARN_ENUM_CONVERSION = YES;
				CLANG_WARN_INT_CONVERSION = YES;
				CLANG_WARN_OBJC_ROOT_CLASS = YES_ERROR;
				CLANG_WARN_UNREACHABLE_CODE = YES;
				CLANG_WARN__DUPLICATE_METHOD_MATCH = YES;
				"CODE_SIGN_IDENTITY[sdk=iphoneos*]" = "iPhone Developer";
				COPY_PHASE_STRIP = NO;
				DEBUG_INFORMATION_FORMAT = "dwarf-with-dsym";
				ENABLE_NS_ASSERTIONS = NO;
				ENABLE_STRICT_OBJC_MSGSEND = YES;
				GCC_C_LANGUAGE_STANDARD = gnu99;
				GCC_NO_COMMON_BLOCKS = YES;
				GCC_WARN_64_TO_32_BIT_CONVERSION = YES;
				GCC_WARN_ABOUT_RETURN_TYPE = YES_ERROR;
				GCC_WARN_UNDECLARED_SELECTOR = YES;
				GCC_WARN_UNINITIALIZED_AUTOS = YES_AGGRESSIVE;
				GCC_WARN_UNUSED_FUNCTION = YES;
				GCC_WARN_UNUSED_VARIABLE = YES;
				IPHONEOS_DEPLOYMENT_TARGET = 9.3;
				MTL_ENABLE_DEBUG_INFO = NO;
				SDKROOT = iphoneos;
				VALIDATE_PRODUCT = YES;
			};
			name = Release;
		};
		BC58E1E51D5241BC00337F48 /* Debug */ = {
			isa = XCBuildConfiguration;
			buildSettings = {
				ASSETCATALOG_COMPILER_APPICON_NAME = AppIcon;
				CODE_SIGN_ENTITLEMENTS = BulletinBoard_Part1_Breakdown/BulletinBoard_Part1_Breakdown.entitlements;
				CODE_SIGN_IDENTITY = "iPhone Developer";
				INFOPLIST_FILE = BulletinBoard_Part1_Breakdown/Info.plist;
				LD_RUNPATH_SEARCH_PATHS = "$(inherited) @executable_path/Frameworks";
				PRODUCT_BUNDLE_IDENTIFIER = "com.diegoa3d.BulletinBoard-Part1-Breakdown";
				PRODUCT_NAME = "$(TARGET_NAME)";
			};
			name = Debug;
		};
		BC58E1E61D5241BC00337F48 /* Release */ = {
			isa = XCBuildConfiguration;
			buildSettings = {
				ASSETCATALOG_COMPILER_APPICON_NAME = AppIcon;
				CODE_SIGN_ENTITLEMENTS = BulletinBoard_Part1_Breakdown/BulletinBoard_Part1_Breakdown.entitlements;
				CODE_SIGN_IDENTITY = "iPhone Developer";
				INFOPLIST_FILE = BulletinBoard_Part1_Breakdown/Info.plist;
				LD_RUNPATH_SEARCH_PATHS = "$(inherited) @executable_path/Frameworks";
				PRODUCT_BUNDLE_IDENTIFIER = "com.diegoa3d.BulletinBoard-Part1-Breakdown";
				PRODUCT_NAME = "$(TARGET_NAME)";
			};
			name = Release;
		};
/* End XCBuildConfiguration section */

/* Begin XCConfigurationList section */
		BC58E1CD1D5241BC00337F48 /* Build configuration list for PBXProject "BulletinBoard_Part1_Breakdown" */ = {
			isa = XCConfigurationList;
			buildConfigurations = (
				BC58E1E21D5241BC00337F48 /* Debug */,
				BC58E1E31D5241BC00337F48 /* Release */,
			);
			defaultConfigurationIsVisible = 0;
			defaultConfigurationName = Release;
		};
		BC58E1E41D5241BC00337F48 /* Build configuration list for PBXNativeTarget "BulletinBoard_Part1_Breakdown" */ = {
			isa = XCConfigurationList;
			buildConfigurations = (
				BC58E1E51D5241BC00337F48 /* Debug */,
				BC58E1E61D5241BC00337F48 /* Release */,
			);
			defaultConfigurationIsVisible = 0;
		};
/* End XCConfigurationList section */
	};
	rootObject = BC58E1CA1D5241BC00337F48 /* Project object */;
}
